
Microsoft Visual Studio Solution File, Format Version 12.00
# Visual Studio Version 17
VisualStudioVersion = 17.0.31903.59
MinimumVisualStudioVersion = 10.0.40219.1
Project("{2150E333-8FDC-42A3-9474-1A3956D46DE8}") = "tests", "tests", "{12A8AAA2-E7F8-49A0-8C99-6163F0D9CC05}"
EndProject
Project("{FAE04EC0-301F-11D3-BF4B-00C04F79EFBC}") = "Notify.FunctionalTests", "tests\Notify.FunctionalTests\Notify.FunctionalTests.csproj", "{B915FDB8-5439-48DC-B72F-98C08049533E}"
EndProject
Project("{FAE04EC0-301F-11D3-BF4B-00C04F79EFBC}") = "Notify.IntegrationTests", "tests\Notify.IntegrationTests\Notify.IntegrationTests.csproj", "{16EF36D2-B769-4133-89A1-F2F5942710E8}"
EndProject
Project("{FAE04EC0-301F-11D3-BF4B-00C04F79EFBC}") = "Notify.UnitTests", "tests\Notify.UnitTests\Notify.UnitTests.csproj", "{41AB9FA7-46CC-4765-AD7F-B94B005775DD}"
EndProject
Project("{2150E333-8FDC-42A3-9474-1A3956D46DE8}") = "src", "src", "{5EC14D67-EC03-44C2-AE89-CCEA9C42BFA6}"
EndProject
Project("{FAE04EC0-301F-11D3-BF4B-00C04F79EFBC}") = "Notify", "src\Notify\Notify.csproj", "{4E4040D4-4571-45F9-AFA4-E21E09747715}"
EndProject
Global
	GlobalSection(SolutionConfigurationPlatforms) = preSolution
		Debug|Any CPU = Debug|Any CPU
		Release|Any CPU = Release|Any CPU
	EndGlobalSection
	GlobalSection(ProjectConfigurationPlatforms) = postSolution
		{B915FDB8-5439-48DC-B72F-98C08049533E}.Debug|Any CPU.ActiveCfg = Debug|Any CPU
		{B915FDB8-5439-48DC-B72F-98C08049533E}.Debug|Any CPU.Build.0 = Debug|Any CPU
		{B915FDB8-5439-48DC-B72F-98C08049533E}.Release|Any CPU.ActiveCfg = Release|Any CPU
		{B915FDB8-5439-48DC-B72F-98C08049533E}.Release|Any CPU.Build.0 = Release|Any CPU
		{16EF36D2-B769-4133-89A1-F2F5942710E8}.Debug|Any CPU.ActiveCfg = Debug|Any CPU
		{16EF36D2-B769-4133-89A1-F2F5942710E8}.Debug|Any CPU.Build.0 = Debug|Any CPU
		{16EF36D2-B769-4133-89A1-F2F5942710E8}.Release|Any CPU.ActiveCfg = Release|Any CPU
		{16EF36D2-B769-4133-89A1-F2F5942710E8}.Release|Any CPU.Build.0 = Release|Any CPU
		{41AB9FA7-46CC-4765-AD7F-B94B005775DD}.Debug|Any CPU.ActiveCfg = Debug|Any CPU
		{41AB9FA7-46CC-4765-AD7F-B94B005775DD}.Debug|Any CPU.Build.0 = Debug|Any CPU
		{41AB9FA7-46CC-4765-AD7F-B94B005775DD}.Release|Any CPU.ActiveCfg = Release|Any CPU
		{41AB9FA7-46CC-4765-AD7F-B94B005775DD}.Release|Any CPU.Build.0 = Release|Any CPU
		{4E4040D4-4571-45F9-AFA4-E21E09747715}.Debug|Any CPU.ActiveCfg = Debug|Any CPU
		{4E4040D4-4571-45F9-AFA4-E21E09747715}.Debug|Any CPU.Build.0 = Debug|Any CPU
		{4E4040D4-4571-45F9-AFA4-E21E09747715}.Release|Any CPU.ActiveCfg = Release|Any CPU
		{4E4040D4-4571-45F9-AFA4-E21E09747715}.Release|Any CPU.Build.0 = Release|Any CPU
	EndGlobalSection
	GlobalSection(SolutionProperties) = preSolution
		HideSolutionNode = FALSE
	EndGlobalSection
	GlobalSection(NestedProjects) = preSolution
		{B915FDB8-5439-48DC-B72F-98C08049533E} = {12A8AAA2-E7F8-49A0-8C99-6163F0D9CC05}
		{16EF36D2-B769-4133-89A1-F2F5942710E8} = {12A8AAA2-E7F8-49A0-8C99-6163F0D9CC05}
		{41AB9FA7-46CC-4765-AD7F-B94B005775DD} = {12A8AAA2-E7F8-49A0-8C99-6163F0D9CC05}
		{4E4040D4-4571-45F9-AFA4-E21E09747715} = {5EC14D67-EC03-44C2-AE89-CCEA9C42BFA6}
	EndGlobalSection
	GlobalSection(ExtensibilityGlobals) = postSolution
		SolutionGuid = {92988D8D-DB63-4E47-A1CD-F47880D7D6EF}
	EndGlobalSection
EndGlobal
